
Microsoft Visual Studio Solution File, Format Version 12.00
# Visual Studio Version 16
VisualStudioVersion = 16.0.33328.57
MinimumVisualStudioVersion = 10.0.40219.1
Project("{FAE04EC0-301F-11D3-BF4B-00C04F79EFBC}") = "RestoDaDivisao", "RestoDaDivisao\RestoDaDivisao.csproj", "{676DB0E6-E878-4A68-97E8-0428D7DA617D}"
EndProject
Global
	GlobalSection(SolutionConfigurationPlatforms) = preSolution
		Debug|Any CPU = Debug|Any CPU
		Release|Any CPU = Release|Any CPU
	EndGlobalSection
	GlobalSection(ProjectConfigurationPlatforms) = postSolution
		{676DB0E6-E878-4A68-97E8-0428D7DA617D}.Debug|Any CPU.ActiveCfg = Debug|Any CPU
		{676DB0E6-E878-4A68-97E8-0428D7DA617D}.Debug|Any CPU.Build.0 = Debug|Any CPU
		{676DB0E6-E878-4A68-97E8-0428D7DA617D}.Release|Any CPU.ActiveCfg = Release|Any CPU
		{676DB0E6-E878-4A68-97E8-0428D7DA617D}.Release|Any CPU.Build.0 = Release|Any CPU
	EndGlobalSection
	GlobalSection(SolutionProperties) = preSolution
		HideSolutionNode = FALSE
	EndGlobalSection
	GlobalSection(ExtensibilityGlobals) = postSolution
		SolutionGuid = {F4E24FE7-64F4-44B1-B7A6-0A0A2EDB96DF}
	EndGlobalSection
EndGlobal
